// !$*UTF8*$!
{
	archiveVersion = 1;
	classes = {
	};
	objectVersion = 46;
	objects = {

/* Begin PBXBuildFile section */
		6D3F86801A05BD26008EA957 /* UIDDrawingViewController.m in Sources */ = {isa = PBXBuildFile; fileRef = 6D3F867D1A05BD26008EA957 /* UIDDrawingViewController.m */; };
		6D3F86811A05BD26008EA957 /* ViewController.mm in Sources */ = {isa = PBXBuildFile; fileRef = 6D3F867F1A05BD26008EA957 /* ViewController.mm */; };
		6D3F86831A05BD2E008EA957 /* opencv2.framework in Frameworks */ = {isa = PBXBuildFile; fileRef = 6D3F86821A05BD2E008EA957 /* opencv2.framework */; };
		6D3F86851A05BD68008EA957 /* Accelerate.framework in Frameworks */ = {isa = PBXBuildFile; fileRef = 6D3F86841A05BD68008EA957 /* Accelerate.framework */; };
		6D3F86871A05BD6D008EA957 /* AssetsLibrary.framework in Frameworks */ = {isa = PBXBuildFile; fileRef = 6D3F86861A05BD6D008EA957 /* AssetsLibrary.framework */; };
		6D3F86891A05BD72008EA957 /* AVFoundation.framework in Frameworks */ = {isa = PBXBuildFile; fileRef = 6D3F86881A05BD72008EA957 /* AVFoundation.framework */; };
		6D3F868B1A05BD7B008EA957 /* CoreGraphics.framework in Frameworks */ = {isa = PBXBuildFile; fileRef = 6D3F868A1A05BD7B008EA957 /* CoreGraphics.framework */; };
		6D3F868D1A05BD81008EA957 /* CoreImage.framework in Frameworks */ = {isa = PBXBuildFile; fileRef = 6D3F868C1A05BD81008EA957 /* CoreImage.framework */; };
		6D3F868F1A05BDA0008EA957 /* CoreMedia.framework in Frameworks */ = {isa = PBXBuildFile; fileRef = 6D3F868E1A05BDA0008EA957 /* CoreMedia.framework */; };
		6D3F86911A05BDA7008EA957 /* CoreVideo.framework in Frameworks */ = {isa = PBXBuildFile; fileRef = 6D3F86901A05BDA7008EA957 /* CoreVideo.framework */; };
		6D3F86931A05BDAC008EA957 /* QuartzCore.framework in Frameworks */ = {isa = PBXBuildFile; fileRef = 6D3F86921A05BDAC008EA957 /* QuartzCore.framework */; };
		6D3F86951A05BDB2008EA957 /* UIKit.framework in Frameworks */ = {isa = PBXBuildFile; fileRef = 6D3F86941A05BDB2008EA957 /* UIKit.framework */; };
		6D3F86971A05BDBB008EA957 /* Foundation.framework in Frameworks */ = {isa = PBXBuildFile; fileRef = 6D3F86961A05BDBB008EA957 /* Foundation.framework */; };
		6DA8BC5619FBD09400334FE6 /* main.m in Sources */ = {isa = PBXBuildFile; fileRef = 6DA8BC5519FBD09400334FE6 /* main.m */; };
		6DA8BC5919FBD09400334FE6 /* AppDelegate.m in Sources */ = {isa = PBXBuildFile; fileRef = 6DA8BC5819FBD09400334FE6 /* AppDelegate.m */; };
		6DA8BC5C19FBD09400334FE6 /* UserInterfaceDesignRunning.xcdatamodeld in Sources */ = {isa = PBXBuildFile; fileRef = 6DA8BC5A19FBD09400334FE6 /* UserInterfaceDesignRunning.xcdatamodeld */; };
		6DA8BC6219FBD09400334FE6 /* Main.storyboard in Resources */ = {isa = PBXBuildFile; fileRef = 6DA8BC6019FBD09400334FE6 /* Main.storyboard */; };
		6DA8BC6419FBD09400334FE6 /* Images.xcassets in Resources */ = {isa = PBXBuildFile; fileRef = 6DA8BC6319FBD09400334FE6 /* Images.xcassets */; };
		6DA8BC6719FBD09400334FE6 /* LaunchScreen.xib in Resources */ = {isa = PBXBuildFile; fileRef = 6DA8BC6519FBD09400334FE6 /* LaunchScreen.xib */; };
		6DA8BC7319FBD09400334FE6 /* UserInterfaceDesignRunningTests.m in Sources */ = {isa = PBXBuildFile; fileRef = 6DA8BC7219FBD09400334FE6 /* UserInterfaceDesignRunningTests.m */; };
/* End PBXBuildFile section */

/* Begin PBXContainerItemProxy section */
		6DA8BC6D19FBD09400334FE6 /* PBXContainerItemProxy */ = {
			isa = PBXContainerItemProxy;
			containerPortal = 6DA8BC4819FBD09400334FE6 /* Project object */;
			proxyType = 1;
			remoteGlobalIDString = 6DA8BC4F19FBD09400334FE6;
			remoteInfo = UserInterfaceDesignRunning;
		};
/* End PBXContainerItemProxy section */

/* Begin PBXFileReference section */
		6D3F867C1A05BD26008EA957 /* UIDDrawingViewController.h */ = {isa = PBXFileReference; fileEncoding = 4; lastKnownFileType = sourcecode.c.h; name = UIDDrawingViewController.h; path = UserInterfaceDesignRunning/UIDDrawingViewController.h; sourceTree = "<group>"; };
		6D3F867D1A05BD26008EA957 /* UIDDrawingViewController.m */ = {isa = PBXFileReference; fileEncoding = 4; lastKnownFileType = sourcecode.c.objc; name = UIDDrawingViewController.m; path = UserInterfaceDesignRunning/UIDDrawingViewController.m; sourceTree = "<group>"; };
		6D3F867E1A05BD26008EA957 /* ViewController.hh */ = {isa = PBXFileReference; fileEncoding = 4; lastKnownFileType = sourcecode.cpp.h; name = ViewController.hh; path = UserInterfaceDesignRunning/ViewController.hh; sourceTree = "<group>"; };
		6D3F867F1A05BD26008EA957 /* ViewController.mm */ = {isa = PBXFileReference; fileEncoding = 4; lastKnownFileType = sourcecode.cpp.objcpp; name = ViewController.mm; path = UserInterfaceDesignRunning/ViewController.mm; sourceTree = "<group>"; };
		6D3F86821A05BD2E008EA957 /* opencv2.framework */ = {isa = PBXFileReference; lastKnownFileType = wrapper.framework; name = opencv2.framework; path = "../OpenCV-iOS/opencv2.framework"; sourceTree = "<group>"; };
		6D3F86841A05BD68008EA957 /* Accelerate.framework */ = {isa = PBXFileReference; lastKnownFileType = wrapper.framework; name = Accelerate.framework; path = System/Library/Frameworks/Accelerate.framework; sourceTree = SDKROOT; };
		6D3F86861A05BD6D008EA957 /* AssetsLibrary.framework */ = {isa = PBXFileReference; lastKnownFileType = wrapper.framework; name = AssetsLibrary.framework; path = System/Library/Frameworks/AssetsLibrary.framework; sourceTree = SDKROOT; };
		6D3F86881A05BD72008EA957 /* AVFoundation.framework */ = {isa = PBXFileReference; lastKnownFileType = wrapper.framework; name = AVFoundation.framework; path = System/Library/Frameworks/AVFoundation.framework; sourceTree = SDKROOT; };
		6D3F868A1A05BD7B008EA957 /* CoreGraphics.framework */ = {isa = PBXFileReference; lastKnownFileType = wrapper.framework; name = CoreGraphics.framework; path = System/Library/Frameworks/CoreGraphics.framework; sourceTree = SDKROOT; };
		6D3F868C1A05BD81008EA957 /* CoreImage.framework */ = {isa = PBXFileReference; lastKnownFileType = wrapper.framework; name = CoreImage.framework; path = System/Library/Frameworks/CoreImage.framework; sourceTree = SDKROOT; };
		6D3F868E1A05BDA0008EA957 /* CoreMedia.framework */ = {isa = PBXFileReference; lastKnownFileType = wrapper.framework; name = CoreMedia.framework; path = System/Library/Frameworks/CoreMedia.framework; sourceTree = SDKROOT; };
		6D3F86901A05BDA7008EA957 /* CoreVideo.framework */ = {isa = PBXFileReference; lastKnownFileType = wrapper.framework; name = CoreVideo.framework; path = System/Library/Frameworks/CoreVideo.framework; sourceTree = SDKROOT; };
		6D3F86921A05BDAC008EA957 /* QuartzCore.framework */ = {isa = PBXFileReference; lastKnownFileType = wrapper.framework; name = QuartzCore.framework; path = System/Library/Frameworks/QuartzCore.framework; sourceTree = SDKROOT; };
		6D3F86941A05BDB2008EA957 /* UIKit.framework */ = {isa = PBXFileReference; lastKnownFileType = wrapper.framework; name = UIKit.framework; path = System/Library/Frameworks/UIKit.framework; sourceTree = SDKROOT; };
		6D3F86961A05BDBB008EA957 /* Foundation.framework */ = {isa = PBXFileReference; lastKnownFileType = wrapper.framework; name = Foundation.framework; path = System/Library/Frameworks/Foundation.framework; sourceTree = SDKROOT; };
		6DA8BC5019FBD09400334FE6 /* UserInterfaceDesignRunning.app */ = {isa = PBXFileReference; explicitFileType = wrapper.application; includeInIndex = 0; path = UserInterfaceDesignRunning.app; sourceTree = BUILT_PRODUCTS_DIR; };
		6DA8BC5419FBD09400334FE6 /* Info.plist */ = {isa = PBXFileReference; lastKnownFileType = text.plist.xml; path = Info.plist; sourceTree = "<group>"; };
		6DA8BC5519FBD09400334FE6 /* main.m */ = {isa = PBXFileReference; lastKnownFileType = sourcecode.c.objc; path = main.m; sourceTree = "<group>"; };
		6DA8BC5719FBD09400334FE6 /* AppDelegate.h */ = {isa = PBXFileReference; lastKnownFileType = sourcecode.c.h; path = AppDelegate.h; sourceTree = "<group>"; };
		6DA8BC5819FBD09400334FE6 /* AppDelegate.m */ = {isa = PBXFileReference; lastKnownFileType = sourcecode.c.objc; path = AppDelegate.m; sourceTree = "<group>"; };
		6DA8BC5B19FBD09400334FE6 /* UserInterfaceDesignRunning.xcdatamodel */ = {isa = PBXFileReference; lastKnownFileType = wrapper.xcdatamodel; path = UserInterfaceDesignRunning.xcdatamodel; sourceTree = "<group>"; };
		6DA8BC6119FBD09400334FE6 /* Base */ = {isa = PBXFileReference; lastKnownFileType = file.storyboard; name = Base; path = Base.lproj/Main.storyboard; sourceTree = "<group>"; };
		6DA8BC6319FBD09400334FE6 /* Images.xcassets */ = {isa = PBXFileReference; lastKnownFileType = folder.assetcatalog; path = Images.xcassets; sourceTree = "<group>"; };
		6DA8BC6619FBD09400334FE6 /* Base */ = {isa = PBXFileReference; lastKnownFileType = file.xib; name = Base; path = Base.lproj/LaunchScreen.xib; sourceTree = "<group>"; };
		6DA8BC6C19FBD09400334FE6 /* UserInterfaceDesignRunningTests.xctest */ = {isa = PBXFileReference; explicitFileType = wrapper.cfbundle; includeInIndex = 0; path = UserInterfaceDesignRunningTests.xctest; sourceTree = BUILT_PRODUCTS_DIR; };
		6DA8BC7119FBD09400334FE6 /* Info.plist */ = {isa = PBXFileReference; lastKnownFileType = text.plist.xml; path = Info.plist; sourceTree = "<group>"; };
		6DA8BC7219FBD09400334FE6 /* UserInterfaceDesignRunningTests.m */ = {isa = PBXFileReference; lastKnownFileType = sourcecode.c.objc; path = UserInterfaceDesignRunningTests.m; sourceTree = "<group>"; };
/* End PBXFileReference section */

/* Begin PBXFrameworksBuildPhase section */
		6DA8BC4D19FBD09400334FE6 /* Frameworks */ = {
			isa = PBXFrameworksBuildPhase;
			buildActionMask = 2147483647;
			files = (
				6D3F86971A05BDBB008EA957 /* Foundation.framework in Frameworks */,
				6D3F86951A05BDB2008EA957 /* UIKit.framework in Frameworks */,
				6D3F86931A05BDAC008EA957 /* QuartzCore.framework in Frameworks */,
				6D3F86911A05BDA7008EA957 /* CoreVideo.framework in Frameworks */,
				6D3F868F1A05BDA0008EA957 /* CoreMedia.framework in Frameworks */,
				6D3F868D1A05BD81008EA957 /* CoreImage.framework in Frameworks */,
				6D3F868B1A05BD7B008EA957 /* CoreGraphics.framework in Frameworks */,
				6D3F86891A05BD72008EA957 /* AVFoundation.framework in Frameworks */,
				6D3F86871A05BD6D008EA957 /* AssetsLibrary.framework in Frameworks */,
				6D3F86851A05BD68008EA957 /* Accelerate.framework in Frameworks */,
				6D3F86831A05BD2E008EA957 /* opencv2.framework in Frameworks */,
			);
			runOnlyForDeploymentPostprocessing = 0;
		};
		6DA8BC6919FBD09400334FE6 /* Frameworks */ = {
			isa = PBXFrameworksBuildPhase;
			buildActionMask = 2147483647;
			files = (
			);
			runOnlyForDeploymentPostprocessing = 0;
		};
/* End PBXFrameworksBuildPhase section */

/* Begin PBXGroup section */
		6DA8BC4719FBD09400334FE6 = {
			isa = PBXGroup;
			children = (
				6D3F86961A05BDBB008EA957 /* Foundation.framework */,
				6D3F86941A05BDB2008EA957 /* UIKit.framework */,
				6D3F86921A05BDAC008EA957 /* QuartzCore.framework */,
				6D3F86901A05BDA7008EA957 /* CoreVideo.framework */,
				6D3F868E1A05BDA0008EA957 /* CoreMedia.framework */,
				6D3F868C1A05BD81008EA957 /* CoreImage.framework */,
				6D3F868A1A05BD7B008EA957 /* CoreGraphics.framework */,
				6D3F86881A05BD72008EA957 /* AVFoundation.framework */,
				6D3F86861A05BD6D008EA957 /* AssetsLibrary.framework */,
				6D3F86841A05BD68008EA957 /* Accelerate.framework */,
				6D3F86821A05BD2E008EA957 /* opencv2.framework */,
				6D3F867C1A05BD26008EA957 /* UIDDrawingViewController.h */,
				6D3F867D1A05BD26008EA957 /* UIDDrawingViewController.m */,
				6D3F867E1A05BD26008EA957 /* ViewController.hh */,
				6D3F867F1A05BD26008EA957 /* ViewController.mm */,
				6DA8BC5219FBD09400334FE6 /* UserInterfaceDesignRunning */,
				6DA8BC6F19FBD09400334FE6 /* UserInterfaceDesignRunningTests */,
				6DA8BC5119FBD09400334FE6 /* Products */,
			);
			sourceTree = "<group>";
		};
		6DA8BC5119FBD09400334FE6 /* Products */ = {
			isa = PBXGroup;
			children = (
				6DA8BC5019FBD09400334FE6 /* UserInterfaceDesignRunning.app */,
				6DA8BC6C19FBD09400334FE6 /* UserInterfaceDesignRunningTests.xctest */,
			);
			name = Products;
			sourceTree = "<group>";
		};
		6DA8BC5219FBD09400334FE6 /* UserInterfaceDesignRunning */ = {
			isa = PBXGroup;
			children = (
				6DA8BC5719FBD09400334FE6 /* AppDelegate.h */,
				6DA8BC5819FBD09400334FE6 /* AppDelegate.m */,
				6DA8BC6019FBD09400334FE6 /* Main.storyboard */,
				6DA8BC6319FBD09400334FE6 /* Images.xcassets */,
				6DA8BC6519FBD09400334FE6 /* LaunchScreen.xib */,
				6DA8BC5A19FBD09400334FE6 /* UserInterfaceDesignRunning.xcdatamodeld */,
				6DA8BC5319FBD09400334FE6 /* Supporting Files */,
			);
			path = UserInterfaceDesignRunning;
			sourceTree = "<group>";
		};
		6DA8BC5319FBD09400334FE6 /* Supporting Files */ = {
			isa = PBXGroup;
			children = (
				6DA8BC5419FBD09400334FE6 /* Info.plist */,
				6DA8BC5519FBD09400334FE6 /* main.m */,
			);
			name = "Supporting Files";
			sourceTree = "<group>";
		};
		6DA8BC6F19FBD09400334FE6 /* UserInterfaceDesignRunningTests */ = {
			isa = PBXGroup;
			children = (
				6DA8BC7219FBD09400334FE6 /* UserInterfaceDesignRunningTests.m */,
				6DA8BC7019FBD09400334FE6 /* Supporting Files */,
			);
			path = UserInterfaceDesignRunningTests;
			sourceTree = "<group>";
		};
		6DA8BC7019FBD09400334FE6 /* Supporting Files */ = {
			isa = PBXGroup;
			children = (
				6DA8BC7119FBD09400334FE6 /* Info.plist */,
			);
			name = "Supporting Files";
			sourceTree = "<group>";
		};
/* End PBXGroup section */

/* Begin PBXNativeTarget section */
		6DA8BC4F19FBD09400334FE6 /* UserInterfaceDesignRunning */ = {
			isa = PBXNativeTarget;
			buildConfigurationList = 6DA8BC7619FBD09400334FE6 /* Build configuration list for PBXNativeTarget "UserInterfaceDesignRunning" */;
			buildPhases = (
				6DA8BC4C19FBD09400334FE6 /* Sources */,
				6DA8BC4D19FBD09400334FE6 /* Frameworks */,
				6DA8BC4E19FBD09400334FE6 /* Resources */,
			);
			buildRules = (
			);
			dependencies = (
			);
			name = UserInterfaceDesignRunning;
			productName = UserInterfaceDesignRunning;
			productReference = 6DA8BC5019FBD09400334FE6 /* UserInterfaceDesignRunning.app */;
			productType = "com.apple.product-type.application";
		};
		6DA8BC6B19FBD09400334FE6 /* UserInterfaceDesignRunningTests */ = {
			isa = PBXNativeTarget;
			buildConfigurationList = 6DA8BC7919FBD09400334FE6 /* Build configuration list for PBXNativeTarget "UserInterfaceDesignRunningTests" */;
			buildPhases = (
				6DA8BC6819FBD09400334FE6 /* Sources */,
				6DA8BC6919FBD09400334FE6 /* Frameworks */,
				6DA8BC6A19FBD09400334FE6 /* Resources */,
			);
			buildRules = (
			);
			dependencies = (
				6DA8BC6E19FBD09400334FE6 /* PBXTargetDependency */,
			);
			name = UserInterfaceDesignRunningTests;
			productName = UserInterfaceDesignRunningTests;
			productReference = 6DA8BC6C19FBD09400334FE6 /* UserInterfaceDesignRunningTests.xctest */;
			productType = "com.apple.product-type.bundle.unit-test";
		};
/* End PBXNativeTarget section */

/* Begin PBXProject section */
		6DA8BC4819FBD09400334FE6 /* Project object */ = {
			isa = PBXProject;
			attributes = {
				LastUpgradeCheck = 0600;
				ORGANIZATIONNAME = MLConsulting;
				TargetAttributes = {
					6DA8BC4F19FBD09400334FE6 = {
						CreatedOnToolsVersion = 6.0;
					};
					6DA8BC6B19FBD09400334FE6 = {
						CreatedOnToolsVersion = 6.0;
						TestTargetID = 6DA8BC4F19FBD09400334FE6;
					};
				};
			};
			buildConfigurationList = 6DA8BC4B19FBD09400334FE6 /* Build configuration list for PBXProject "UserInterfaceDesignRunning" */;
			compatibilityVersion = "Xcode 3.2";
			developmentRegion = English;
			hasScannedForEncodings = 0;
			knownRegions = (
				en,
				Base,
			);
			mainGroup = 6DA8BC4719FBD09400334FE6;
			productRefGroup = 6DA8BC5119FBD09400334FE6 /* Products */;
			projectDirPath = "";
			projectRoot = "";
			targets = (
				6DA8BC4F19FBD09400334FE6 /* UserInterfaceDesignRunning */,
				6DA8BC6B19FBD09400334FE6 /* UserInterfaceDesignRunningTests */,
			);
		};
/* End PBXProject section */

/* Begin PBXResourcesBuildPhase section */
		6DA8BC4E19FBD09400334FE6 /* Resources */ = {
			isa = PBXResourcesBuildPhase;
			buildActionMask = 2147483647;
			files = (
				6DA8BC6219FBD09400334FE6 /* Main.storyboard in Resources */,
				6DA8BC6719FBD09400334FE6 /* LaunchScreen.xib in Resources */,
				6DA8BC6419FBD09400334FE6 /* Images.xcassets in Resources */,
			);
			runOnlyForDeploymentPostprocessing = 0;
		};
		6DA8BC6A19FBD09400334FE6 /* Resources */ = {
			isa = PBXResourcesBuildPhase;
			buildActionMask = 2147483647;
			files = (
			);
			runOnlyForDeploymentPostprocessing = 0;
		};
/* End PBXResourcesBuildPhase section */

/* Begin PBXSourcesBuildPhase section */
		6DA8BC4C19FBD09400334FE6 /* Sources */ = {
			isa = PBXSourcesBuildPhase;
			buildActionMask = 2147483647;
			files = (
				6DA8BC5C19FBD09400334FE6 /* UserInterfaceDesignRunning.xcdatamodeld in Sources */,
				6DA8BC5919FBD09400334FE6 /* AppDelegate.m in Sources */,
				6D3F86811A05BD26008EA957 /* ViewController.mm in Sources */,
				6D3F86801A05BD26008EA957 /* UIDDrawingViewController.m in Sources */,
				6DA8BC5619FBD09400334FE6 /* main.m in Sources */,
			);
			runOnlyForDeploymentPostprocessing = 0;
		};
		6DA8BC6819FBD09400334FE6 /* Sources */ = {
			isa = PBXSourcesBuildPhase;
			buildActionMask = 2147483647;
			files = (
				6DA8BC7319FBD09400334FE6 /* UserInterfaceDesignRunningTests.m in Sources */,
			);
			runOnlyForDeploymentPostprocessing = 0;
		};
/* End PBXSourcesBuildPhase section */

/* Begin PBXTargetDependency section */
		6DA8BC6E19FBD09400334FE6 /* PBXTargetDependency */ = {
			isa = PBXTargetDependency;
			target = 6DA8BC4F19FBD09400334FE6 /* UserInterfaceDesignRunning */;
			targetProxy = 6DA8BC6D19FBD09400334FE6 /* PBXContainerItemProxy */;
		};
/* End PBXTargetDependency section */

/* Begin PBXVariantGroup section */
		6DA8BC6019FBD09400334FE6 /* Main.storyboard */ = {
			isa = PBXVariantGroup;
			children = (
				6DA8BC6119FBD09400334FE6 /* Base */,
			);
			name = Main.storyboard;
			sourceTree = "<group>";
		};
		6DA8BC6519FBD09400334FE6 /* LaunchScreen.xib */ = {
			isa = PBXVariantGroup;
			children = (
				6DA8BC6619FBD09400334FE6 /* Base */,
			);
			name = LaunchScreen.xib;
			sourceTree = "<group>";
		};
/* End PBXVariantGroup section */

/* Begin XCBuildConfiguration section */
		6DA8BC7419FBD09400334FE6 /* Debug */ = {
			isa = XCBuildConfiguration;
			buildSettings = {
				ALWAYS_SEARCH_USER_PATHS = NO;
				CLANG_CXX_LANGUAGE_STANDARD = "gnu++0x";
				CLANG_CXX_LIBRARY = "libc++";
				CLANG_ENABLE_MODULES = YES;
				CLANG_ENABLE_OBJC_ARC = YES;
				CLANG_WARN_BOOL_CONVERSION = YES;
				CLANG_WARN_CONSTANT_CONVERSION = YES;
				CLANG_WARN_DIRECT_OBJC_ISA_USAGE = YES_ERROR;
				CLANG_WARN_EMPTY_BODY = YES;
				CLANG_WARN_ENUM_CONVERSION = YES;
				CLANG_WARN_INT_CONVERSION = YES;
				CLANG_WARN_OBJC_ROOT_CLASS = YES_ERROR;
				CLANG_WARN_UNREACHABLE_CODE = YES;
				CLANG_WARN__DUPLICATE_METHOD_MATCH = YES;
				"CODE_SIGN_IDENTITY[sdk=iphoneos*]" = "iPhone Developer";
				COPY_PHASE_STRIP = NO;
				ENABLE_STRICT_OBJC_MSGSEND = YES;
				GCC_C_LANGUAGE_STANDARD = gnu99;
				GCC_DYNAMIC_NO_PIC = NO;
				GCC_OPTIMIZATION_LEVEL = 0;
				GCC_PREPROCESSOR_DEFINITIONS = (
					"DEBUG=1",
					"$(inherited)",
				);
				GCC_SYMBOLS_PRIVATE_EXTERN = NO;
				GCC_WARN_64_TO_32_BIT_CONVERSION = YES;
				GCC_WARN_ABOUT_RETURN_TYPE = YES_ERROR;
				GCC_WARN_UNDECLARED_SELECTOR = YES;
				GCC_WARN_UNINITIALIZED_AUTOS = YES_AGGRESSIVE;
				GCC_WARN_UNUSED_FUNCTION = YES;
				GCC_WARN_UNUSED_VARIABLE = YES;
				IPHONEOS_DEPLOYMENT_TARGET = 8.0;
				MTL_ENABLE_DEBUG_INFO = YES;
				ONLY_ACTIVE_ARCH = YES;
				SDKROOT = iphoneos;
			};
			name = Debug;
		};
		6DA8BC7519FBD09400334FE6 /* Release */ = {
			isa = XCBuildConfiguration;
			buildSettings = {
				ALWAYS_SEARCH_USER_PATHS = NO;
				CLANG_CXX_LANGUAGE_STANDARD = "gnu++0x";
				CLANG_CXX_LIBRARY = "libc++";
				CLANG_ENABLE_MODULES = YES;
				CLANG_ENABLE_OBJC_ARC = YES;
				CLANG_WARN_BOOL_CONVERSION = YES;
				CLANG_WARN_CONSTANT_CONVERSION = YES;
				CLANG_WARN_DIRECT_OBJC_ISA_USAGE = YES_ERROR;
				CLANG_WARN_EMPTY_BODY = YES;
				CLANG_WARN_ENUM_CONVERSION = YES;
				CLANG_WARN_INT_CONVERSION = YES;
				CLANG_WARN_OBJC_ROOT_CLASS = YES_ERROR;
				CLANG_WARN_UNREACHABLE_CODE = YES;
				CLANG_WARN__DUPLICATE_METHOD_MATCH = YES;
				"CODE_SIGN_IDENTITY[sdk=iphoneos*]" = "iPhone Developer";
				COPY_PHASE_STRIP = YES;
				ENABLE_NS_ASSERTIONS = NO;
				ENABLE_STRICT_OBJC_MSGSEND = YES;
				GCC_C_LANGUAGE_STANDARD = gnu99;
				GCC_WARN_64_TO_32_BIT_CONVERSION = YES;
				GCC_WARN_ABOUT_RETURN_TYPE = YES_ERROR;
				GCC_WARN_UNDECLARED_SELECTOR = YES;
				GCC_WARN_UNINITIALIZED_AUTOS = YES_AGGRESSIVE;
				GCC_WARN_UNUSED_FUNCTION = YES;
				GCC_WARN_UNUSED_VARIABLE = YES;
				IPHONEOS_DEPLOYMENT_TARGET = 8.0;
				MTL_ENABLE_DEBUG_INFO = NO;
				SDKROOT = iphoneos;
				VALIDATE_PRODUCT = YES;
			};
			name = Release;
		};
		6DA8BC7719FBD09400334FE6 /* Debug */ = {
			isa = XCBuildConfiguration;
			buildSettings = {
				ASSETCATALOG_COMPILER_APPICON_NAME = AppIcon;
				FRAMEWORK_SEARCH_PATHS = (
					"$(inherited)",
					/Users/ml/Google,
					Drive/Georgia,
					Tech,
					MS,
					CS/Fall,
					"2014/CS6454/GradProject/iOSCode/OpenCV-iOS",
				);
				INFOPLIST_FILE = UserInterfaceDesignRunning/Info.plist;
				LD_RUNPATH_SEARCH_PATHS = "$(inherited) @executable_path/Frameworks";
				PRODUCT_NAME = "$(TARGET_NAME)";
			};
			name = Debug;
		};
		6DA8BC7819FBD09400334FE6 /* Release */ = {
			isa = XCBuildConfiguration;
			buildSettings = {
				ASSETCATALOG_COMPILER_APPICON_NAME = AppIcon;
				FRAMEWORK_SEARCH_PATHS = (
					"$(inherited)",
					/Users/ml/Google,
					Drive/Georgia,
					Tech,
					MS,
					CS/Fall,
					"2014/CS6454/GradProject/iOSCode/OpenCV-iOS",
				);
				INFOPLIST_FILE = UserInterfaceDesignRunning/Info.plist;
				LD_RUNPATH_SEARCH_PATHS = "$(inherited) @executable_path/Frameworks";
				PRODUCT_NAME = "$(TARGET_NAME)";
			};
			name = Release;
		};
		6DA8BC7A19FBD09400334FE6 /* Debug */ = {
			isa = XCBuildConfiguration;
			buildSettings = {
				BUNDLE_LOADER = "$(TEST_HOST)";
				FRAMEWORK_SEARCH_PATHS = (
					"$(SDKROOT)/Developer/Library/Frameworks",
					"$(inherited)",
				);
				GCC_PREPROCESSOR_DEFINITIONS = (
					"DEBUG=1",
					"$(inherited)",
				);
				INFOPLIST_FILE = UserInterfaceDesignRunningTests/Info.plist;
				LD_RUNPATH_SEARCH_PATHS = "$(inherited) @executable_path/Frameworks @loader_path/Frameworks";
				PRODUCT_NAME = "$(TARGET_NAME)";
				TEST_HOST = "$(BUILT_PRODUCTS_DIR)/UserInterfaceDesignRunning.app/UserInterfaceDesignRunning";
			};
			name = Debug;
		};
		6DA8BC7B19FBD09400334FE6 /* Release */ = {
			isa = XCBuildConfiguration;
			buildSettings = {
				BUNDLE_LOADER = "$(TEST_HOST)";
				FRAMEWORK_SEARCH_PATHS = (
					"$(SDKROOT)/Developer/Library/Frameworks",
					"$(inherited)",
				);
				INFOPLIST_FILE = UserInterfaceDesignRunningTests/Info.plist;
				LD_RUNPATH_SEARCH_PATHS = "$(inherited) @executable_path/Frameworks @loader_path/Frameworks";
				PRODUCT_NAME = "$(TARGET_NAME)";
				TEST_HOST = "$(BUILT_PRODUCTS_DIR)/UserInterfaceDesignRunning.app/UserInterfaceDesignRunning";
			};
			name = Release;
		};
/* End XCBuildConfiguration section */

/* Begin XCConfigurationList section */
		6DA8BC4B19FBD09400334FE6 /* Build configuration list for PBXProject "UserInterfaceDesignRunning" */ = {
			isa = XCConfigurationList;
			buildConfigurations = (
				6DA8BC7419FBD09400334FE6 /* Debug */,
				6DA8BC7519FBD09400334FE6 /* Release */,
			);
			defaultConfigurationIsVisible = 0;
			defaultConfigurationName = Release;
		};
		6DA8BC7619FBD09400334FE6 /* Build configuration list for PBXNativeTarget "UserInterfaceDesignRunning" */ = {
			isa = XCConfigurationList;
			buildConfigurations = (
				6DA8BC7719FBD09400334FE6 /* Debug */,
				6DA8BC7819FBD09400334FE6 /* Release */,
			);
			defaultConfigurationIsVisible = 0;
			defaultConfigurationName = Release;
		};
		6DA8BC7919FBD09400334FE6 /* Build configuration list for PBXNativeTarget "UserInterfaceDesignRunningTests" */ = {
			isa = XCConfigurationList;
			buildConfigurations = (
				6DA8BC7A19FBD09400334FE6 /* Debug */,
				6DA8BC7B19FBD09400334FE6 /* Release */,
			);
			defaultConfigurationIsVisible = 0;
			defaultConfigurationName = Release;
		};
/* End XCConfigurationList section */

/* Begin XCVersionGroup section */
		6DA8BC5A19FBD09400334FE6 /* UserInterfaceDesignRunning.xcdatamodeld */ = {
			isa = XCVersionGroup;
			children = (
				6DA8BC5B19FBD09400334FE6 /* UserInterfaceDesignRunning.xcdatamodel */,
			);
			currentVersion = 6DA8BC5B19FBD09400334FE6 /* UserInterfaceDesignRunning.xcdatamodel */;
			path = UserInterfaceDesignRunning.xcdatamodeld;
			sourceTree = "<group>";
			versionGroupType = wrapper.xcdatamodel;
		};
/* End XCVersionGroup section */
	};
	rootObject = 6DA8BC4819FBD09400334FE6 /* Project object */;
}
